// !$*UTF8*$!
{
	archiveVersion = 1;
	classes = {
	};
	objectVersion = 46;
	objects = {

/* Begin PBXBuildFile section */
		7D13E3E81D170B9900E550C8 /* AppDelegate.swift in Sources */ = {isa = PBXBuildFile; fileRef = 7D13E3E71D170B9900E550C8 /* AppDelegate.swift */; };
		7D13E3EA1D170B9900E550C8 /* RecordSoundsViewController.swift in Sources */ = {isa = PBXBuildFile; fileRef = 7D13E3E91D170B9900E550C8 /* RecordSoundsViewController.swift */; };
		7D13E3ED1D170B9900E550C8 /* Main.storyboard in Resources */ = {isa = PBXBuildFile; fileRef = 7D13E3EB1D170B9900E550C8 /* Main.storyboard */; };
		7D13E3EF1D170B9900E550C8 /* Assets.xcassets in Resources */ = {isa = PBXBuildFile; fileRef = 7D13E3EE1D170B9900E550C8 /* Assets.xcassets */; };
		7D13E3FD1D170B9900E550C8 /* VorecTests.swift in Sources */ = {isa = PBXBuildFile; fileRef = 7D13E3FC1D170B9900E550C8 /* VorecTests.swift */; };
		7D13E4081D170B9A00E550C8 /* VorecUITests.swift in Sources */ = {isa = PBXBuildFile; fileRef = 7D13E4071D170B9A00E550C8 /* VorecUITests.swift */; };
		7DA097761D2544A600A88A71 /* PlaySoundsViewController.swift in Sources */ = {isa = PBXBuildFile; fileRef = 7DA097751D2544A600A88A71 /* PlaySoundsViewController.swift */; };
		7DA097781D2655B500A88A71 /* PlaySoundsViewController+Audio.swift in Sources */ = {isa = PBXBuildFile; fileRef = 7DA097771D2655B500A88A71 /* PlaySoundsViewController+Audio.swift */; };
/* End PBXBuildFile section */

/* Begin PBXContainerItemProxy section */
		7D13E3F91D170B9900E550C8 /* PBXContainerItemProxy */ = {
			isa = PBXContainerItemProxy;
			containerPortal = 7D13E3DC1D170B9900E550C8 /* Project object */;
			proxyType = 1;
			remoteGlobalIDString = 7D13E3E31D170B9900E550C8;
			remoteInfo = Vorec;
		};
		7D13E4041D170B9A00E550C8 /* PBXContainerItemProxy */ = {
			isa = PBXContainerItemProxy;
			containerPortal = 7D13E3DC1D170B9900E550C8 /* Project object */;
			proxyType = 1;
			remoteGlobalIDString = 7D13E3E31D170B9900E550C8;
			remoteInfo = Vorec;
		};
/* End PBXContainerItemProxy section */

/* Begin PBXFileReference section */
		7D13E3E41D170B9900E550C8 /* Vorec.app */ = {isa = PBXFileReference; explicitFileType = wrapper.application; includeInIndex = 0; path = Vorec.app; sourceTree = BUILT_PRODUCTS_DIR; };
		7D13E3E71D170B9900E550C8 /* AppDelegate.swift */ = {isa = PBXFileReference; lastKnownFileType = sourcecode.swift; path = AppDelegate.swift; sourceTree = "<group>"; };
		7D13E3E91D170B9900E550C8 /* RecordSoundsViewController.swift */ = {isa = PBXFileReference; lastKnownFileType = sourcecode.swift; path = RecordSoundsViewController.swift; sourceTree = "<group>"; };
		7D13E3EC1D170B9900E550C8 /* Base */ = {isa = PBXFileReference; lastKnownFileType = file.storyboard; name = Base; path = Base.lproj/Main.storyboard; sourceTree = "<group>"; };
		7D13E3EE1D170B9900E550C8 /* Assets.xcassets */ = {isa = PBXFileReference; lastKnownFileType = folder.assetcatalog; path = Assets.xcassets; sourceTree = "<group>"; };
		7D13E3F31D170B9900E550C8 /* Info.plist */ = {isa = PBXFileReference; lastKnownFileType = text.plist.xml; path = Info.plist; sourceTree = "<group>"; };
		7D13E3F81D170B9900E550C8 /* VorecTests.xctest */ = {isa = PBXFileReference; explicitFileType = wrapper.cfbundle; includeInIndex = 0; path = VorecTests.xctest; sourceTree = BUILT_PRODUCTS_DIR; };
		7D13E3FC1D170B9900E550C8 /* VorecTests.swift */ = {isa = PBXFileReference; lastKnownFileType = sourcecode.swift; path = VorecTests.swift; sourceTree = "<group>"; };
		7D13E3FE1D170B9900E550C8 /* Info.plist */ = {isa = PBXFileReference; lastKnownFileType = text.plist.xml; path = Info.plist; sourceTree = "<group>"; };
		7D13E4031D170B9A00E550C8 /* VorecUITests.xctest */ = {isa = PBXFileReference; explicitFileType = wrapper.cfbundle; includeInIndex = 0; path = VorecUITests.xctest; sourceTree = BUILT_PRODUCTS_DIR; };
		7D13E4071D170B9A00E550C8 /* VorecUITests.swift */ = {isa = PBXFileReference; lastKnownFileType = sourcecode.swift; path = VorecUITests.swift; sourceTree = "<group>"; };
		7D13E4091D170B9A00E550C8 /* Info.plist */ = {isa = PBXFileReference; lastKnownFileType = text.plist.xml; path = Info.plist; sourceTree = "<group>"; };
		7DA097751D2544A600A88A71 /* PlaySoundsViewController.swift */ = {isa = PBXFileReference; fileEncoding = 4; lastKnownFileType = sourcecode.swift; path = PlaySoundsViewController.swift; sourceTree = "<group>"; };
		7DA097771D2655B500A88A71 /* PlaySoundsViewController+Audio.swift */ = {isa = PBXFileReference; fileEncoding = 4; lastKnownFileType = sourcecode.swift; path = "PlaySoundsViewController+Audio.swift"; sourceTree = "<group>"; };
/* End PBXFileReference section */

/* Begin PBXFrameworksBuildPhase section */
		7D13E3E11D170B9900E550C8 /* Frameworks */ = {
			isa = PBXFrameworksBuildPhase;
			buildActionMask = 2147483647;
			files = (
			);
			runOnlyForDeploymentPostprocessing = 0;
		};
		7D13E3F51D170B9900E550C8 /* Frameworks */ = {
			isa = PBXFrameworksBuildPhase;
			buildActionMask = 2147483647;
			files = (
			);
			runOnlyForDeploymentPostprocessing = 0;
		};
		7D13E4001D170B9A00E550C8 /* Frameworks */ = {
			isa = PBXFrameworksBuildPhase;
			buildActionMask = 2147483647;
			files = (
			);
			runOnlyForDeploymentPostprocessing = 0;
		};
/* End PBXFrameworksBuildPhase section */

/* Begin PBXGroup section */
		7D13E3DB1D170B9900E550C8 = {
			isa = PBXGroup;
			children = (
				7D13E3E61D170B9900E550C8 /* Vorec */,
				7D13E3FB1D170B9900E550C8 /* VorecTests */,
				7D13E4061D170B9A00E550C8 /* VorecUITests */,
				7D13E3E51D170B9900E550C8 /* Products */,
			);
			sourceTree = "<group>";
		};
		7D13E3E51D170B9900E550C8 /* Products */ = {
			isa = PBXGroup;
			children = (
				7D13E3E41D170B9900E550C8 /* Vorec.app */,
				7D13E3F81D170B9900E550C8 /* VorecTests.xctest */,
				7D13E4031D170B9A00E550C8 /* VorecUITests.xctest */,
			);
			name = Products;
			sourceTree = "<group>";
		};
		7D13E3E61D170B9900E550C8 /* Vorec */ = {
			isa = PBXGroup;
			children = (
				7D13E3E71D170B9900E550C8 /* AppDelegate.swift */,
				7DA097751D2544A600A88A71 /* PlaySoundsViewController.swift */,
				7D13E3E91D170B9900E550C8 /* RecordSoundsViewController.swift */,
				7DA097771D2655B500A88A71 /* PlaySoundsViewController+Audio.swift */,
				7D13E3EB1D170B9900E550C8 /* Main.storyboard */,
				7D13E3EE1D170B9900E550C8 /* Assets.xcassets */,
				7D13E3F31D170B9900E550C8 /* Info.plist */,
			);
			path = Vorec;
			sourceTree = "<group>";
		};
		7D13E3FB1D170B9900E550C8 /* VorecTests */ = {
			isa = PBXGroup;
			children = (
				7D13E3FC1D170B9900E550C8 /* VorecTests.swift */,
				7D13E3FE1D170B9900E550C8 /* Info.plist */,
			);
			path = VorecTests;
			sourceTree = "<group>";
		};
		7D13E4061D170B9A00E550C8 /* VorecUITests */ = {
			isa = PBXGroup;
			children = (
				7D13E4071D170B9A00E550C8 /* VorecUITests.swift */,
				7D13E4091D170B9A00E550C8 /* Info.plist */,
			);
			path = VorecUITests;
			sourceTree = "<group>";
		};
/* End PBXGroup section */

/* Begin PBXNativeTarget section */
		7D13E3E31D170B9900E550C8 /* Vorec */ = {
			isa = PBXNativeTarget;
			buildConfigurationList = 7D13E40C1D170B9A00E550C8 /* Build configuration list for PBXNativeTarget "Vorec" */;
			buildPhases = (
				7D13E3E01D170B9900E550C8 /* Sources */,
				7D13E3E11D170B9900E550C8 /* Frameworks */,
				7D13E3E21D170B9900E550C8 /* Resources */,
			);
			buildRules = (
			);
			dependencies = (
			);
			name = Vorec;
			productName = Vorec;
			productReference = 7D13E3E41D170B9900E550C8 /* Vorec.app */;
			productType = "com.apple.product-type.application";
		};
		7D13E3F71D170B9900E550C8 /* VorecTests */ = {
			isa = PBXNativeTarget;
			buildConfigurationList = 7D13E40F1D170B9A00E550C8 /* Build configuration list for PBXNativeTarget "VorecTests" */;
			buildPhases = (
				7D13E3F41D170B9900E550C8 /* Sources */,
				7D13E3F51D170B9900E550C8 /* Frameworks */,
				7D13E3F61D170B9900E550C8 /* Resources */,
			);
			buildRules = (
			);
			dependencies = (
				7D13E3FA1D170B9900E550C8 /* PBXTargetDependency */,
			);
			name = VorecTests;
			productName = VorecTests;
			productReference = 7D13E3F81D170B9900E550C8 /* VorecTests.xctest */;
			productType = "com.apple.product-type.bundle.unit-test";
		};
		7D13E4021D170B9A00E550C8 /* VorecUITests */ = {
			isa = PBXNativeTarget;
			buildConfigurationList = 7D13E4121D170B9A00E550C8 /* Build configuration list for PBXNativeTarget "VorecUITests" */;
			buildPhases = (
				7D13E3FF1D170B9A00E550C8 /* Sources */,
				7D13E4001D170B9A00E550C8 /* Frameworks */,
				7D13E4011D170B9A00E550C8 /* Resources */,
			);
			buildRules = (
			);
			dependencies = (
				7D13E4051D170B9A00E550C8 /* PBXTargetDependency */,
			);
			name = VorecUITests;
			productName = VorecUITests;
			productReference = 7D13E4031D170B9A00E550C8 /* VorecUITests.xctest */;
			productType = "com.apple.product-type.bundle.ui-testing";
		};
/* End PBXNativeTarget section */

/* Begin PBXProject section */
		7D13E3DC1D170B9900E550C8 /* Project object */ = {
			isa = PBXProject;
			attributes = {
				LastSwiftUpdateCheck = 0730;
				LastUpgradeCheck = 0730;
				ORGANIZATIONNAME = "Rohan Roy";
				TargetAttributes = {
					7D13E3E31D170B9900E550C8 = {
						CreatedOnToolsVersion = 7.3.1;
						DevelopmentTeam = 646UT4SE98;
					};
					7D13E3F71D170B9900E550C8 = {
						CreatedOnToolsVersion = 7.3.1;
						TestTargetID = 7D13E3E31D170B9900E550C8;
					};
					7D13E4021D170B9A00E550C8 = {
						CreatedOnToolsVersion = 7.3.1;
						TestTargetID = 7D13E3E31D170B9900E550C8;
					};
				};
			};
			buildConfigurationList = 7D13E3DF1D170B9900E550C8 /* Build configuration list for PBXProject "Vorec" */;
			compatibilityVersion = "Xcode 3.2";
			developmentRegion = English;
			hasScannedForEncodings = 0;
			knownRegions = (
				en,
				Base,
			);
			mainGroup = 7D13E3DB1D170B9900E550C8;
			productRefGroup = 7D13E3E51D170B9900E550C8 /* Products */;
			projectDirPath = "";
			projectRoot = "";
			targets = (
				7D13E3E31D170B9900E550C8 /* Vorec */,
				7D13E3F71D170B9900E550C8 /* VorecTests */,
				7D13E4021D170B9A00E550C8 /* VorecUITests */,
			);
		};
/* End PBXProject section */

/* Begin PBXResourcesBuildPhase section */
		7D13E3E21D170B9900E550C8 /* Resources */ = {
			isa = PBXResourcesBuildPhase;
			buildActionMask = 2147483647;
			files = (
				7D13E3EF1D170B9900E550C8 /* Assets.xcassets in Resources */,
				7D13E3ED1D170B9900E550C8 /* Main.storyboard in Resources */,
			);
			runOnlyForDeploymentPostprocessing = 0;
		};
		7D13E3F61D170B9900E550C8 /* Resources */ = {
			isa = PBXResourcesBuildPhase;
			buildActionMask = 2147483647;
			files = (
			);
			runOnlyForDeploymentPostprocessing = 0;
		};
		7D13E4011D170B9A00E550C8 /* Resources */ = {
			isa = PBXResourcesBuildPhase;
			buildActionMask = 2147483647;
			files = (
			);
			runOnlyForDeploymentPostprocessing = 0;
		};
/* End PBXResourcesBuildPhase section */

/* Begin PBXSourcesBuildPhase section */
		7D13E3E01D170B9900E550C8 /* Sources */ = {
			isa = PBXSourcesBuildPhase;
			buildActionMask = 2147483647;
			files = (
				7D13E3EA1D170B9900E550C8 /* RecordSoundsViewController.swift in Sources */,
				7DA097781D2655B500A88A71 /* PlaySoundsViewController+Audio.swift in Sources */,
				7DA097761D2544A600A88A71 /* PlaySoundsViewController.swift in Sources */,
				7D13E3E81D170B9900E550C8 /* AppDelegate.swift in Sources */,
			);
			runOnlyForDeploymentPostprocessing = 0;
		};
		7D13E3F41D170B9900E550C8 /* Sources */ = {
			isa = PBXSourcesBuildPhase;
			buildActionMask = 2147483647;
			files = (
				7D13E3FD1D170B9900E550C8 /* VorecTests.swift in Sources */,
			);
			runOnlyForDeploymentPostprocessing = 0;
		};
		7D13E3FF1D170B9A00E550C8 /* Sources */ = {
			isa = PBXSourcesBuildPhase;
			buildActionMask = 2147483647;
			files = (
				7D13E4081D170B9A00E550C8 /* VorecUITests.swift in Sources */,
			);
			runOnlyForDeploymentPostprocessing = 0;
		};
/* End PBXSourcesBuildPhase section */

/* Begin PBXTargetDependency section */
		7D13E3FA1D170B9900E550C8 /* PBXTargetDependency */ = {
			isa = PBXTargetDependency;
			target = 7D13E3E31D170B9900E550C8 /* Vorec */;
			targetProxy = 7D13E3F91D170B9900E550C8 /* PBXContainerItemProxy */;
		};
		7D13E4051D170B9A00E550C8 /* PBXTargetDependency */ = {
			isa = PBXTargetDependency;
			target = 7D13E3E31D170B9900E550C8 /* Vorec */;
			targetProxy = 7D13E4041D170B9A00E550C8 /* PBXContainerItemProxy */;
		};
/* End PBXTargetDependency section */

/* Begin PBXVariantGroup section */
		7D13E3EB1D170B9900E550C8 /* Main.storyboard */ = {
			isa = PBXVariantGroup;
			children = (
				7D13E3EC1D170B9900E550C8 /* Base */,
			);
			name = Main.storyboard;
			sourceTree = "<group>";
		};
/* End PBXVariantGroup section */

/* Begin XCBuildConfiguration section */
		7D13E40A1D170B9A00E550C8 /* Debug */ = {
			isa = XCBuildConfiguration;
			buildSettings = {
				ALWAYS_SEARCH_USER_PATHS = NO;
				CLANG_ANALYZER_NONNULL = YES;
				CLANG_CXX_LANGUAGE_STANDARD = "gnu++0x";
				CLANG_CXX_LIBRARY = "libc++";
				CLANG_ENABLE_MODULES = YES;
				CLANG_ENABLE_OBJC_ARC = YES;
				CLANG_WARN_BOOL_CONVERSION = YES;
				CLANG_WARN_CONSTANT_CONVERSION = YES;
				CLANG_WARN_DIRECT_OBJC_ISA_USAGE = YES_ERROR;
				CLANG_WARN_EMPTY_BODY = YES;
				CLANG_WARN_ENUM_CONVERSION = YES;
				CLANG_WARN_INT_CONVERSION = YES;
				CLANG_WARN_OBJC_ROOT_CLASS = YES_ERROR;
				CLANG_WARN_UNREACHABLE_CODE = YES;
				CLANG_WARN__DUPLICATE_METHOD_MATCH = YES;
				"CODE_SIGN_IDENTITY[sdk=iphoneos*]" = "iPhone Developer";
				COPY_PHASE_STRIP = NO;
				DEBUG_INFORMATION_FORMAT = dwarf;
				ENABLE_STRICT_OBJC_MSGSEND = YES;
				ENABLE_TESTABILITY = YES;
				GCC_C_LANGUAGE_STANDARD = gnu99;
				GCC_DYNAMIC_NO_PIC = NO;
				GCC_NO_COMMON_BLOCKS = YES;
				GCC_OPTIMIZATION_LEVEL = 0;
				GCC_PREPROCESSOR_DEFINITIONS = (
					"DEBUG=1",
					"$(inherited)",
				);
				GCC_WARN_64_TO_32_BIT_CONVERSION = YES;
				GCC_WARN_ABOUT_RETURN_TYPE = YES_ERROR;
				GCC_WARN_UNDECLARED_SELECTOR = YES;
				GCC_WARN_UNINITIALIZED_AUTOS = YES_AGGRESSIVE;
				GCC_WARN_UNUSED_FUNCTION = YES;
				GCC_WARN_UNUSED_VARIABLE = YES;
				IPHONEOS_DEPLOYMENT_TARGET = 9.3;
				MTL_ENABLE_DEBUG_INFO = YES;
				ONLY_ACTIVE_ARCH = YES;
				SDKROOT = iphoneos;
				SWIFT_OPTIMIZATION_LEVEL = "-Onone";
				TARGETED_DEVICE_FAMILY = "1,2";
			};
			name = Debug;
		};
		7D13E40B1D170B9A00E550C8 /* Release */ = {
			isa = XCBuildConfiguration;
			buildSettings = {
				ALWAYS_SEARCH_USER_PATHS = NO;
				CLANG_ANALYZER_NONNULL = YES;
				CLANG_CXX_LANGUAGE_STANDARD = "gnu++0x";
				CLANG_CXX_LIBRARY = "libc++";
				CLANG_ENABLE_MODULES = YES;
				CLANG_ENABLE_OBJC_ARC = YES;
				CLANG_WARN_BOOL_CONVERSION = YES;
				CLANG_WARN_CONSTANT_CONVERSION = YES;
				CLANG_WARN_DIRECT_OBJC_ISA_USAGE = YES_ERROR;
				CLANG_WARN_EMPTY_BODY = YES;
				CLANG_WARN_ENUM_CONVERSION = YES;
				CLANG_WARN_INT_CONVERSION = YES;
				CLANG_WARN_OBJC_ROOT_CLASS = YES_ERROR;
				CLANG_WARN_UNREACHABLE_CODE = YES;
				CLANG_WARN__DUPLICATE_METHOD_MATCH = YES;
				CODE_SIGN_IDENTITY = "iPhone Developer: b4you0870@gmail.com (2H83F9CJS3)";
				"CODE_SIGN_IDENTITY[sdk=iphoneos*]" = "iPhone Developer: b4you0870@gmail.com (2H83F9CJS3)";
				COPY_PHASE_STRIP = NO;
				DEBUG_INFORMATION_FORMAT = "dwarf-with-dsym";
				ENABLE_NS_ASSERTIONS = NO;
				ENABLE_STRICT_OBJC_MSGSEND = YES;
				GCC_C_LANGUAGE_STANDARD = gnu99;
				GCC_NO_COMMON_BLOCKS = YES;
				GCC_WARN_64_TO_32_BIT_CONVERSION = YES;
				GCC_WARN_ABOUT_RETURN_TYPE = YES_ERROR;
				GCC_WARN_UNDECLARED_SELECTOR = YES;
				GCC_WARN_UNINITIALIZED_AUTOS = YES_AGGRESSIVE;
				GCC_WARN_UNUSED_FUNCTION = YES;
				GCC_WARN_UNUSED_VARIABLE = YES;
				IPHONEOS_DEPLOYMENT_TARGET = 9.3;
				MTL_ENABLE_DEBUG_INFO = NO;
				SDKROOT = iphoneos;
				TARGETED_DEVICE_FAMILY = "1,2";
				VALIDATE_PRODUCT = YES;
			};
			name = Release;
		};
		7D13E40D1D170B9A00E550C8 /* Debug */ = {
			isa = XCBuildConfiguration;
			buildSettings = {
				ASSETCATALOG_COMPILER_APPICON_NAME = AppIcon;
				CODE_SIGN_IDENTITY = "iPhone Developer";
				"CODE_SIGN_IDENTITY[sdk=iphoneos*]" = "iPhone Developer";
				INFOPLIST_FILE = Vorec/Info.plist;
				IPHONEOS_DEPLOYMENT_TARGET = 9.0;
				LD_RUNPATH_SEARCH_PATHS = "$(inherited) @executable_path/Frameworks";
				PRODUCT_BUNDLE_IDENTIFIER = com.rohanroy.Vorec;
				PRODUCT_NAME = "$(TARGET_NAME)";
				PROVISIONING_PROFILE = "";
				TARGETED_DEVICE_FAMILY = "1,2";
			};
			name = Debug;
		};
		7D13E40E1D170B9A00E550C8 /* Release */ = {
			isa = XCBuildConfiguration;
			buildSettings = {
				ASSETCATALOG_COMPILER_APPICON_NAME = AppIcon;
				CODE_SIGN_IDENTITY = "iPhone Developer";
				"CODE_SIGN_IDENTITY[sdk=iphoneos*]" = "iPhone Distribution";
				INFOPLIST_FILE = Vorec/Info.plist;
				IPHONEOS_DEPLOYMENT_TARGET = 9.0;
				LD_RUNPATH_SEARCH_PATHS = "$(inherited) @executable_path/Frameworks";
				PRODUCT_BUNDLE_IDENTIFIER = com.rohanroy.Vorec;
				PRODUCT_NAME = "$(TARGET_NAME)";
				PROVISIONING_PROFILE = "";
				TARGETED_DEVICE_FAMILY = "1,2";
			};
			name = Release;
		};
		7D13E4101D170B9A00E550C8 /* Debug */ = {
			isa = XCBuildConfiguration;
			buildSettings = {
				BUNDLE_LOADER = "$(TEST_HOST)";
				INFOPLIST_FILE = VorecTests/Info.plist;
				LD_RUNPATH_SEARCH_PATHS = "$(inherited) @executable_path/Frameworks @loader_path/Frameworks";
				PRODUCT_BUNDLE_IDENTIFIER = com.rohanroy.VorecTests;
				PRODUCT_NAME = "$(TARGET_NAME)";
				TEST_HOST = "$(BUILT_PRODUCTS_DIR)/Vorec.app/Vorec";
			};
			name = Debug;
		};
		7D13E4111D170B9A00E550C8 /* Release */ = {
			isa = XCBuildConfiguration;
			buildSettings = {
				BUNDLE_LOADER = "$(TEST_HOST)";
				INFOPLIST_FILE = VorecTests/Info.plist;
				LD_RUNPATH_SEARCH_PATHS = "$(inherited) @executable_path/Frameworks @loader_path/Frameworks";
				PRODUCT_BUNDLE_IDENTIFIER = com.rohanroy.VorecTests;
				PRODUCT_NAME = "$(TARGET_NAME)";
				TEST_HOST = "$(BUILT_PRODUCTS_DIR)/Vorec.app/Vorec";
			};
			name = Release;
		};
		7D13E4131D170B9A00E550C8 /* Debug */ = {
			isa = XCBuildConfiguration;
			buildSettings = {
				INFOPLIST_FILE = VorecUITests/Info.plist;
				LD_RUNPATH_SEARCH_PATHS = "$(inherited) @executable_path/Frameworks @loader_path/Frameworks";
				PRODUCT_BUNDLE_IDENTIFIER = com.rohanroy.VorecUITests;
				PRODUCT_NAME = "$(TARGET_NAME)";
				TEST_TARGET_NAME = Vorec;
			};
			name = Debug;
		};
		7D13E4141D170B9A00E550C8 /* Release */ = {
			isa = XCBuildConfiguration;
			buildSettings = {
				INFOPLIST_FILE = VorecUITests/Info.plist;
				LD_RUNPATH_SEARCH_PATHS = "$(inherited) @executable_path/Frameworks @loader_path/Frameworks";
				PRODUCT_BUNDLE_IDENTIFIER = com.rohanroy.VorecUITests;
				PRODUCT_NAME = "$(TARGET_NAME)";
				TEST_TARGET_NAME = Vorec;
			};
			name = Release;
		};
/* End XCBuildConfiguration section */

/* Begin XCConfigurationList section */
		7D13E3DF1D170B9900E550C8 /* Build configuration list for PBXProject "Vorec" */ = {
			isa = XCConfigurationList;
			buildConfigurations = (
				7D13E40A1D170B9A00E550C8 /* Debug */,
				7D13E40B1D170B9A00E550C8 /* Release */,
			);
			defaultConfigurationIsVisible = 0;
			defaultConfigurationName = Release;
		};
		7D13E40C1D170B9A00E550C8 /* Build configuration list for PBXNativeTarget "Vorec" */ = {
			isa = XCConfigurationList;
			buildConfigurations = (
				7D13E40D1D170B9A00E550C8 /* Debug */,
				7D13E40E1D170B9A00E550C8 /* Release */,
			);
			defaultConfigurationIsVisible = 0;
			defaultConfigurationName = Release;
		};
		7D13E40F1D170B9A00E550C8 /* Build configuration list for PBXNativeTarget "VorecTests" */ = {
			isa = XCConfigurationList;
			buildConfigurations = (
				7D13E4101D170B9A00E550C8 /* Debug */,
				7D13E4111D170B9A00E550C8 /* Release */,
			);
			defaultConfigurationIsVisible = 0;
			defaultConfigurationName = Release;
		};
		7D13E4121D170B9A00E550C8 /* Build configuration list for PBXNativeTarget "VorecUITests" */ = {
			isa = XCConfigurationList;
			buildConfigurations = (
				7D13E4131D170B9A00E550C8 /* Debug */,
				7D13E4141D170B9A00E550C8 /* Release */,
			);
			defaultConfigurationIsVisible = 0;
			defaultConfigurationName = Release;
		};
/* End XCConfigurationList section */
	};
	rootObject = 7D13E3DC1D170B9900E550C8 /* Project object */;
}
